# THIS IS AN AUTOGENERATED FILE. DO NOT EDIT THIS FILE DIRECTLY.
# yarn lockfile v1


"@types/bn.js@^4.11.3":
  "version" "4.11.6"
  dependencies:
    "@types/node" "*"

"@types/node@*":
  "version" "14.11.2"

"@types/pbkdf2@^3.0.0":
  "version" "3.1.0"
  dependencies:
    "@types/node" "*"

"@types/secp256k1@^4.0.1":
  "version" "4.0.1"
  dependencies:
    "@types/node" "*"

"ansi-regex@^4.1.0":
  "version" "4.1.0"

"ansi-styles@^3.2.0":
  "version" "3.2.1"
  dependencies:
    "color-convert" "^1.9.0"

"base-x@^3.0.2":
  "version" "3.0.8"
  dependencies:
    "safe-buffer" "^5.0.1"

"blakejs@^1.1.0":
  "version" "1.1.0"

"bluebird@^3.4.6":
  "integrity" "sha512-XpNj6GDQzdfW+r2Wnn7xiSAd7TM3jzkxGXBGTtWKuSXv1xUV+azxAm8jdWZN06QTQk+2N2XB9jRDkvbmQmcRtg=="
  "resolved" "https://registry.npmjs.org/bluebird/-/bluebird-3.7.2.tgz"
  "version" "3.7.2"

"bn.js@^4.11.0", "bn.js@^4.11.1", "bn.js@^4.4.0":
  "version" "4.11.9"

"brorand@^1.0.1":
  "version" "1.1.0"

"brownie@^0.9.9":
  "integrity" "sha512-rZHdcFYoucSQZ4qBj8mw0HlzCGEyHsuAneQXrLEPDVy3WUqilXCYQ3lqnzPjJN+Ekbhsvtsq9JKhzIN6Z+lmmg=="
  "resolved" "https://registry.npmjs.org/brownie/-/brownie-0.9.9.tgz"
  "version" "0.9.9"
  dependencies:
    "bluebird" "^3.4.6"
    "gremlin" "^2.3.2"
    "lodash" "^4.17.2"
    "uuid" "^3.0.0"

"browserify-aes@^1.2.0":
  "version" "1.2.0"
  dependencies:
    "buffer-xor" "^1.0.3"
    "cipher-base" "^1.0.0"
    "create-hash" "^1.1.0"
    "evp_bytestokey" "^1.0.3"
    "inherits" "^2.0.1"
    "safe-buffer" "^5.0.1"

"bs58@^4.0.0":
  "version" "4.0.1"
  dependencies:
    "base-x" "^3.0.2"

"bs58check@^2.1.2":
  "version" "2.1.2"
  dependencies:
    "bs58" "^4.0.0"
    "create-hash" "^1.1.0"
    "safe-buffer" "^5.1.2"

"buffer-from@^1.0.0":
  "version" "1.1.1"

"buffer-xor@^1.0.3":
  "version" "1.0.3"

"camelcase@^5.0.0":
  "version" "5.3.1"

"cipher-base@^1.0.0", "cipher-base@^1.0.1", "cipher-base@^1.0.3":
  "version" "1.0.4"
  dependencies:
    "inherits" "^2.0.1"
    "safe-buffer" "^5.0.1"

"cliui@^5.0.0":
  "version" "5.0.0"
  dependencies:
    "string-width" "^3.1.0"
    "strip-ansi" "^5.2.0"
    "wrap-ansi" "^5.1.0"

"color-convert@^1.9.0":
  "version" "1.9.3"
  dependencies:
    "color-name" "1.1.3"

"color-name@1.1.3":
  "version" "1.1.3"

"core-util-is@~1.0.0":
  "integrity" "sha512-ZQBvi1DcpJ4GDqanjucZ2Hj3wEO5pZDS89BWbkcrvdxksJorwUDDZamX9ldFkp9aw2lmBDLgkObEA4DWNJ9FYQ=="
  "resolved" "https://registry.npmjs.org/core-util-is/-/core-util-is-1.0.3.tgz"
  "version" "1.0.3"

"create-hash@^1.1.0", "create-hash@^1.1.2", "create-hash@^1.2.0":
  "version" "1.2.0"
  dependencies:
    "cipher-base" "^1.0.1"
    "inherits" "^2.0.1"
    "md5.js" "^1.3.4"
    "ripemd160" "^2.0.1"
    "sha.js" "^2.4.0"

"create-hmac@^1.1.4", "create-hmac@^1.1.7":
  "version" "1.1.7"
  dependencies:
    "cipher-base" "^1.0.3"
    "create-hash" "^1.1.0"
    "inherits" "^2.0.1"
    "ripemd160" "^2.0.0"
    "safe-buffer" "^5.0.1"
    "sha.js" "^2.4.8"

"cross-spawn@^6.0.0":
  "version" "6.0.5"
  dependencies:
    "nice-try" "^1.0.4"
    "path-key" "^2.0.1"
    "semver" "^5.5.0"
    "shebang-command" "^1.2.0"
    "which" "^1.2.9"

"decamelize@^1.2.0":
  "version" "1.2.0"

"elliptic@^6.5.2":
  "version" "6.5.3"
  dependencies:
    "bn.js" "^4.4.0"
    "brorand" "^1.0.1"
    "hash.js" "^1.0.0"
    "hmac-drbg" "^1.0.0"
    "inherits" "^2.0.1"
    "minimalistic-assert" "^1.0.0"
    "minimalistic-crypto-utils" "^1.0.0"

"emoji-regex@^7.0.1":
  "version" "7.0.3"

"end-of-stream@^1.1.0":
  "version" "1.4.4"
  dependencies:
    "once" "^1.4.0"

"ethereum-cryptography@^0.1.3":
  "version" "0.1.3"
  dependencies:
    "@types/pbkdf2" "^3.0.0"
    "@types/secp256k1" "^4.0.1"
    "blakejs" "^1.1.0"
    "browserify-aes" "^1.2.0"
    "bs58check" "^2.1.2"
    "create-hash" "^1.2.0"
    "create-hmac" "^1.1.7"
    "hash.js" "^1.1.7"
    "keccak" "^3.0.0"
    "pbkdf2" "^3.0.17"
    "randombytes" "^2.1.0"
    "safe-buffer" "^5.1.2"
    "scrypt-js" "^3.0.0"
    "secp256k1" "^4.0.1"
    "setimmediate" "^1.0.5"

"ethereumjs-util@6.2.1":
  "version" "6.2.1"
  dependencies:
    "@types/bn.js" "^4.11.3"
    "bn.js" "^4.11.0"
    "create-hash" "^1.1.2"
    "elliptic" "^6.5.2"
    "ethereum-cryptography" "^0.1.3"
    "ethjs-util" "0.1.6"
    "rlp" "^2.2.3"

"ethjs-util@0.1.6":
  "version" "0.1.6"
  dependencies:
    "is-hex-prefixed" "1.0.0"
    "strip-hex-prefix" "1.0.0"

"evp_bytestokey@^1.0.3":
  "version" "1.0.3"
  dependencies:
    "md5.js" "^1.3.4"
    "safe-buffer" "^5.1.1"

"execa@^1.0.0":
  "version" "1.0.0"
  dependencies:
    "cross-spawn" "^6.0.0"
    "get-stream" "^4.0.0"
    "is-stream" "^1.1.0"
    "npm-run-path" "^2.0.0"
    "p-finally" "^1.0.0"
    "signal-exit" "^3.0.0"
    "strip-eof" "^1.0.0"

"find-up@^3.0.0":
  "version" "3.0.0"
  dependencies:
    "locate-path" "^3.0.0"

"ganache-cli@^6.12.2":
  "integrity" "sha512-bnmwnJDBDsOWBUP8E/BExWf85TsdDEFelQSzihSJm9VChVO1SHp94YXLP5BlA4j/OTxp0wR4R1Tje9OHOuAJVw=="
  "resolved" "https://registry.npmjs.org/ganache-cli/-/ganache-cli-6.12.2.tgz"
  "version" "6.12.2"
  dependencies:
    "ethereumjs-util" "6.2.1"
    "source-map-support" "0.5.12"
    "yargs" "13.2.4"

"get-caller-file@^2.0.1":
  "version" "2.0.5"

"get-stream@^4.0.0":
  "version" "4.1.0"
  dependencies:
    "pump" "^3.0.0"

"gremlin-template-string@^2.0.0":
  "integrity" "sha512-nRBGz4n0m2SGnSCurSeEyQxP4e6y/Y4/ZgKOzRw12SCz1AXHf+CnCxstTZDuw8SofwfhZPUk1fI6dNEm0nDzIw=="
  "resolved" "https://registry.npmjs.org/gremlin-template-string/-/gremlin-template-string-2.0.0.tgz"
  "version" "2.0.0"

"gremlin@^2.3.2":
  "integrity" "sha512-6IsEi+m+3dSgCP5Pdb3aTJ+dfEgxTvTk4+ccp3PCnclHbSmffIYWt37yQVa5Wmu4Fe9PzOhdpKIUr2FNchncJA=="
  "resolved" "https://registry.npmjs.org/gremlin/-/gremlin-2.7.0.tgz"
  "version" "2.7.0"
  dependencies:
    "gremlin-template-string" "^2.0.0"
    "highland" "^2.5.1"
    "lodash" "^3.10.1"
    "node-uuid" "^1.4.3"
    "readable-stream" "^2.0.2"
    "ws" "^2.3.1"
    "zer" "^0.1.0"

"hash-base@^3.0.0":
  "version" "3.1.0"
  dependencies:
    "inherits" "^2.0.4"
    "readable-stream" "^3.6.0"
    "safe-buffer" "^5.2.0"

"hash.js@^1.0.0", "hash.js@^1.0.3", "hash.js@^1.1.7":
  "version" "1.1.7"
  dependencies:
    "inherits" "^2.0.3"
    "minimalistic-assert" "^1.0.1"

"highland@^2.5.1":
  "integrity" "sha512-dn2flPapIIAa4BtkB2ahjshg8iSJtrJtdhEb9/oiOrS5HMQTR/GuhFpqJ+11YBdtnl3AwWKvbZd1Uxr8uAmA7A=="
  "resolved" "https://registry.npmjs.org/highland/-/highland-2.13.5.tgz"
  "version" "2.13.5"
  dependencies:
    "util-deprecate" "^1.0.2"

"hmac-drbg@^1.0.0":
  "version" "1.0.1"
  dependencies:
    "hash.js" "^1.0.3"
    "minimalistic-assert" "^1.0.0"
    "minimalistic-crypto-utils" "^1.0.1"

"inherits@^2.0.1", "inherits@^2.0.3", "inherits@^2.0.4":
  "version" "2.0.4"

"inherits@~2.0.3":
  "integrity" "sha512-k/vGaX4/Yla3WzyMCvTQOXYeIHvqOKtnqBduzTHpzpQZzAskKMhZ2K+EnBiSM9zGSoIFeMpXKxa4dYeZIQqewQ=="
  "resolved" "https://registry.npmjs.org/inherits/-/inherits-2.0.4.tgz"
  "version" "2.0.4"

"invert-kv@^2.0.0":
  "version" "2.0.0"

"is-fullwidth-code-point@^2.0.0":
  "version" "2.0.0"

"is-hex-prefixed@1.0.0":
  "version" "1.0.0"

"is-stream@^1.1.0":
  "version" "1.1.0"

"isarray@~1.0.0":
  "integrity" "sha512-VLghIWNM6ELQzo7zwmcg0NmTVyWKYjvIeM83yjp0wRDTmUnrM678fQbcKBo6n2CJEF0szoG//ytg+TKla89ALQ=="
  "resolved" "https://registry.npmjs.org/isarray/-/isarray-1.0.0.tgz"
  "version" "1.0.0"

"isexe@^2.0.0":
  "version" "2.0.0"

"keccak@^3.0.0":
  "version" "3.0.1"
  dependencies:
    "node-addon-api" "^2.0.0"
    "node-gyp-build" "^4.2.0"

"lcid@^2.0.0":
  "version" "2.0.0"
  dependencies:
    "invert-kv" "^2.0.0"

"locate-path@^3.0.0":
  "version" "3.0.0"
  dependencies:
    "p-locate" "^3.0.0"
    "path-exists" "^3.0.0"

"lodash@^3.10.1":
  "integrity" "sha512-9mDDwqVIma6OZX79ZlDACZl8sBm0TEnkf99zV3iMA4GzkIT/9hiqP5mY0HoT1iNLCrKc/R1HByV+yJfRWVJryQ=="
  "resolved" "https://registry.npmjs.org/lodash/-/lodash-3.10.1.tgz"
  "version" "3.10.1"

"lodash@^4.17.2":
  "integrity" "sha512-v2kDEe57lecTulaDIuNTPy3Ry4gLGJ6Z1O3vE1krgXZNrsQ+LFTGHVxVjcXPs17LhbZVGedAJv8XZ1tvj5FvSg=="
  "resolved" "https://registry.npmjs.org/lodash/-/lodash-4.17.21.tgz"
  "version" "4.17.21"

"map-age-cleaner@^0.1.1":
  "version" "0.1.3"
  dependencies:
    "p-defer" "^1.0.0"

"md5.js@^1.3.4":
  "version" "1.3.5"
  dependencies:
    "hash-base" "^3.0.0"
    "inherits" "^2.0.1"
    "safe-buffer" "^5.1.2"

"mem@^4.0.0":
  "version" "4.3.0"
  dependencies:
    "map-age-cleaner" "^0.1.1"
    "mimic-fn" "^2.0.0"
    "p-is-promise" "^2.0.0"

"mimic-fn@^2.0.0":
  "version" "2.1.0"

"minimalistic-assert@^1.0.0", "minimalistic-assert@^1.0.1":
  "version" "1.0.1"

"minimalistic-crypto-utils@^1.0.0", "minimalistic-crypto-utils@^1.0.1":
  "version" "1.0.1"

"nice-try@^1.0.4":
  "version" "1.0.5"

"node-addon-api@^2.0.0":
  "version" "2.0.2"

"node-gyp-build@^4.2.0":
  "version" "4.2.3"

"node-uuid@^1.4.3":
  "integrity" "sha512-TkCET/3rr9mUuRp+CpO7qfgT++aAxfDRaalQhwPFzI9BY/2rCDn6OfpZOVggi1AXfTPpfkTrg5f5WQx5G1uLxA=="
  "resolved" "https://registry.npmjs.org/node-uuid/-/node-uuid-1.4.8.tgz"
  "version" "1.4.8"

"npm-run-path@^2.0.0":
  "version" "2.0.2"
  dependencies:
    "path-key" "^2.0.0"

"once@^1.3.1", "once@^1.4.0":
  "version" "1.4.0"
  dependencies:
    "wrappy" "1"

"os-locale@^3.1.0":
  "version" "3.1.0"
  dependencies:
    "execa" "^1.0.0"
    "lcid" "^2.0.0"
    "mem" "^4.0.0"

"p-defer@^1.0.0":
  "version" "1.0.0"

"p-finally@^1.0.0":
  "version" "1.0.0"

"p-is-promise@^2.0.0":
  "version" "2.1.0"

"p-limit@^2.0.0":
  "version" "2.3.0"
  dependencies:
    "p-try" "^2.0.0"

"p-locate@^3.0.0":
  "version" "3.0.0"
  dependencies:
    "p-limit" "^2.0.0"

"p-try@^2.0.0":
  "version" "2.2.0"

"path-exists@^3.0.0":
  "version" "3.0.0"

"path-key@^2.0.0", "path-key@^2.0.1":
  "version" "2.0.1"

"pbkdf2@^3.0.17":
  "version" "3.1.1"
  dependencies:
    "create-hash" "^1.1.2"
    "create-hmac" "^1.1.4"
    "ripemd160" "^2.0.1"
    "safe-buffer" "^5.0.1"
    "sha.js" "^2.4.8"

"postinstall-build@^5.0.0":
  "integrity" "sha512-vPvPe8TKgp4FLgY3+DfxCE5PIfoXBK2lyLfNCxsRbDsV6vS4oU5RG/IWxrblMn6heagbnMED3MemUQllQ2bQUg=="
  "resolved" "https://registry.npmjs.org/postinstall-build/-/postinstall-build-5.0.3.tgz"
  "version" "5.0.3"

"process-nextick-args@~2.0.0":
  "integrity" "sha512-3ouUOpQhtgrbOa17J7+uxOTpITYWaGP7/AhoR3+A+/1e9skrzelGi/dXzEYyvbxubEF6Wn2ypscTKiKJFFn1ag=="
  "resolved" "https://registry.npmjs.org/process-nextick-args/-/process-nextick-args-2.0.1.tgz"
  "version" "2.0.1"

"pump@^3.0.0":
  "version" "3.0.0"
  dependencies:
    "end-of-stream" "^1.1.0"
    "once" "^1.3.1"

"randombytes@^2.1.0":
  "version" "2.1.0"
  dependencies:
    "safe-buffer" "^5.1.0"

"readable-stream@^2.0.2":
  "integrity" "sha512-Ebho8K4jIbHAxnuxi7o42OrZgF/ZTNcsZj6nRKyUmkhLFq8CHItp/fy6hQZuZmP/n3yZ9VBUbp4zz/mX8hmYPw=="
  "resolved" "https://registry.npmjs.org/readable-stream/-/readable-stream-2.3.7.tgz"
  "version" "2.3.7"
  dependencies:
    "core-util-is" "~1.0.0"
    "inherits" "~2.0.3"
    "isarray" "~1.0.0"
    "process-nextick-args" "~2.0.0"
    "safe-buffer" "~5.1.1"
    "string_decoder" "~1.1.1"
    "util-deprecate" "~1.0.1"

"readable-stream@^3.6.0":
  "version" "3.6.0"
  dependencies:
    "inherits" "^2.0.3"
    "string_decoder" "^1.1.1"
    "util-deprecate" "^1.0.1"

"require-directory@^2.1.1":
  "version" "2.1.1"

"require-main-filename@^2.0.0":
  "version" "2.0.0"

"ripemd160@^2.0.0", "ripemd160@^2.0.1":
  "version" "2.0.2"
  dependencies:
    "hash-base" "^3.0.0"
    "inherits" "^2.0.1"

"rlp@^2.2.3":
  "version" "2.2.6"
  dependencies:
    "bn.js" "^4.11.1"

"safe-buffer@^5.0.1", "safe-buffer@^5.1.0", "safe-buffer@^5.1.1", "safe-buffer@^5.1.2", "safe-buffer@^5.2.0", "safe-buffer@~5.2.0":
  "version" "5.2.1"

"safe-buffer@~5.0.1":
  "integrity" "sha1-0mPKVGls2KMGtcplUekt5XkY++c="
  "resolved" "https://registry.npmjs.org/safe-buffer/-/safe-buffer-5.0.1.tgz"
  "version" "5.0.1"

"safe-buffer@~5.1.0", "safe-buffer@~5.1.1":
  "integrity" "sha512-Gd2UZBJDkXlY7GbJxfsE8/nvKkUEU1G38c1siN6QP6a9PT9MmHB8GnpscSmMJSoF8LOIrt8ud/wPtojys4G6+g=="
  "resolved" "https://registry.npmjs.org/safe-buffer/-/safe-buffer-5.1.2.tgz"
  "version" "5.1.2"

"scrypt-js@^3.0.0":
  "version" "3.0.1"

"secp256k1@^4.0.1":
  "version" "4.0.2"
  dependencies:
    "elliptic" "^6.5.2"
    "node-addon-api" "^2.0.0"
    "node-gyp-build" "^4.2.0"

"semver@^5.5.0":
  "version" "5.7.1"

"set-blocking@^2.0.0":
  "version" "2.0.0"

"setimmediate@^1.0.5":
  "version" "1.0.5"

"sha.js@^2.4.0", "sha.js@^2.4.8":
  "version" "2.4.11"
  dependencies:
    "inherits" "^2.0.1"
    "safe-buffer" "^5.0.1"

"shebang-command@^1.2.0":
  "version" "1.2.0"
  dependencies:
    "shebang-regex" "^1.0.0"

"shebang-regex@^1.0.0":
  "version" "1.0.0"

"signal-exit@^3.0.0":
  "version" "3.0.3"

"source-map-support@0.5.12":
  "version" "0.5.12"
  dependencies:
    "buffer-from" "^1.0.0"
    "source-map" "^0.6.0"

"source-map@^0.6.0":
  "version" "0.6.1"

"string_decoder@^1.1.1":
  "version" "1.3.0"
  dependencies:
    "safe-buffer" "~5.2.0"

"string_decoder@~1.1.1":
  "integrity" "sha512-n/ShnvDi6FHbbVfviro+WojiFzv+s8MPMHBczVePfUpDJLwoLT0ht1l4YwBCbi8pJAveEEdnkHyPyTP/mzRfwg=="
  "resolved" "https://registry.npmjs.org/string_decoder/-/string_decoder-1.1.1.tgz"
  "version" "1.1.1"
  dependencies:
    "safe-buffer" "~5.1.0"

"string-width@^3.0.0", "string-width@^3.1.0":
  "version" "3.1.0"
  dependencies:
    "emoji-regex" "^7.0.1"
    "is-fullwidth-code-point" "^2.0.0"
    "strip-ansi" "^5.1.0"

"strip-ansi@^5.0.0", "strip-ansi@^5.1.0", "strip-ansi@^5.2.0":
  "version" "5.2.0"
  dependencies:
    "ansi-regex" "^4.1.0"

"strip-eof@^1.0.0":
  "version" "1.0.0"

"strip-hex-prefix@1.0.0":
  "version" "1.0.0"
  dependencies:
    "is-hex-prefixed" "1.0.0"

"ultron@~1.1.0":
  "integrity" "sha512-UIEXBNeYmKptWH6z8ZnqTeS8fV74zG0/eRU9VGkpzz+LIJNs8W/zM/L+7ctCkRrgbNnnR0xxw4bKOr0cW0N0Og=="
  "resolved" "https://registry.npmjs.org/ultron/-/ultron-1.1.1.tgz"
  "version" "1.1.1"

"util-deprecate@^1.0.1":
  "version" "1.0.2"

"util-deprecate@^1.0.2", "util-deprecate@~1.0.1":
  "integrity" "sha1-RQ1Nyfpw3nMnYvvS1KKJgUGaDM8="
  "resolved" "https://registry.npmjs.org/util-deprecate/-/util-deprecate-1.0.2.tgz"
  "version" "1.0.2"

"uuid@^3.0.0":
  "integrity" "sha512-HjSDRw6gZE5JMggctHBcjVak08+KEVhSIiDzFnT9S9aegmp85S/bReBVTb4QTFaRNptJ9kuYaNhnbNEOkbKb/A=="
  "resolved" "https://registry.npmjs.org/uuid/-/uuid-3.4.0.tgz"
  "version" "3.4.0"

"which-module@^2.0.0":
  "version" "2.0.0"

"which@^1.2.9":
  "version" "1.3.1"
  dependencies:
    "isexe" "^2.0.0"

"wrap-ansi@^5.1.0":
  "version" "5.1.0"
  dependencies:
    "ansi-styles" "^3.2.0"
    "string-width" "^3.0.0"
    "strip-ansi" "^5.0.0"

"wrappy@1":
  "version" "1.0.2"

"ws@^2.3.1":
  "integrity" "sha1-a5Sz5EfLajY/eF6vlK9jWejoHIA="
  "resolved" "https://registry.npmjs.org/ws/-/ws-2.3.1.tgz"
  "version" "2.3.1"
  dependencies:
    "safe-buffer" "~5.0.1"
    "ultron" "~1.1.0"

"y18n@^4.0.0":
  "version" "4.0.0"

"yargs-parser@^13.1.0":
  "version" "13.1.2"
  dependencies:
    "camelcase" "^5.0.0"
    "decamelize" "^1.2.0"

"yargs@13.2.4":
  "version" "13.2.4"
  dependencies:
    "cliui" "^5.0.0"
    "find-up" "^3.0.0"
    "get-caller-file" "^2.0.1"
    "os-locale" "^3.1.0"
    "require-directory" "^2.1.1"
    "require-main-filename" "^2.0.0"
    "set-blocking" "^2.0.0"
    "string-width" "^3.0.0"
    "which-module" "^2.0.0"
    "y18n" "^4.0.0"
    "yargs-parser" "^13.1.0"

"zer@^0.1.0":
  "integrity" "sha1-JkAyM5rkggi9+aKKa34APbYAdUI="
  "resolved" "https://registry.npmjs.org/zer/-/zer-0.1.0.tgz"
  "version" "0.1.0"
  dependencies:
    "postinstall-build" "^5.0.0"
